
Microsoft Visual Studio Solution File, Format Version 12.00
Project("{FAE04EC0-301F-11D3-BF4B-00C04F79EFBC}") = "GainsTrackerAPI", "GainsTrackerAPI\GainsTrackerAPI.csproj", "{9210CFA0-2BDD-46DE-8FD4-3767BF660473}"
EndProject
Project("{FAE04EC0-301F-11D3-BF4B-00C04F79EFBC}") = "GainsTrackerLib", "GainsTrackerLib\GainsTrackerLib.csproj", "{0D284B4A-E3B3-4A2A-A7B5-2714A900E73B}"
EndProject
Global
	GlobalSection(SolutionConfigurationPlatforms) = preSolution
		Debug|Any CPU = Debug|Any CPU
		Release|Any CPU = Release|Any CPU
	EndGlobalSection
	GlobalSection(ProjectConfigurationPlatforms) = postSolution
		{9210CFA0-2BDD-46DE-8FD4-3767BF660473}.Debug|Any CPU.ActiveCfg = Debug|Any CPU
		{9210CFA0-2BDD-46DE-8FD4-3767BF660473}.Debug|Any CPU.Build.0 = Debug|Any CPU
		{9210CFA0-2BDD-46DE-8FD4-3767BF660473}.Release|Any CPU.ActiveCfg = Release|Any CPU
		{9210CFA0-2BDD-46DE-8FD4-3767BF660473}.Release|Any CPU.Build.0 = Release|Any CPU
		{0D284B4A-E3B3-4A2A-A7B5-2714A900E73B}.Debug|Any CPU.ActiveCfg = Debug|Any CPU
		{0D284B4A-E3B3-4A2A-A7B5-2714A900E73B}.Debug|Any CPU.Build.0 = Debug|Any CPU
		{0D284B4A-E3B3-4A2A-A7B5-2714A900E73B}.Release|Any CPU.ActiveCfg = Release|Any CPU
		{0D284B4A-E3B3-4A2A-A7B5-2714A900E73B}.Release|Any CPU.Build.0 = Release|Any CPU
	EndGlobalSection
EndGlobal
