
Microsoft Visual Studio Solution File, Format Version 12.00
# Visual Studio Version 17
VisualStudioVersion = 17.5.33530.505
MinimumVisualStudioVersion = 10.0.40219.1
Project("{9A19103F-16F7-4668-BE54-9A1E7A4F7556}") = "GainsTracker.CoreAPI", "GainsTracker.CoreAPI\GainsTracker.CoreAPI.csproj", "{9210CFA0-2BDD-46DE-8FD4-3767BF660473}"
EndProject
Project("{9A19103F-16F7-4668-BE54-9A1E7A4F7556}") = "GainsTracker.UI", "GainsTracker.UI\GainsTracker.UI.csproj", "{4354990B-2912-4953-B842-B126AD299B1E}"
EndProject
Project("{9A19103F-16F7-4668-BE54-9A1E7A4F7556}") = "GainsTracker.ClientNative", "GainsTracker.ClientNative\GainsTracker.ClientNative.csproj", "{4ACB81DD-CFCF-4D81-88E0-B860BE5F8B5B}"
EndProject
Project("{9A19103F-16F7-4668-BE54-9A1E7A4F7556}") = "GainsTracker.Common", "GainsTracker.Common\GainsTracker.Common.csproj", "{412D30DA-7B16-4D3C-8ED0-DFF544305178}"
EndProject
Project("{9A19103F-16F7-4668-BE54-9A1E7A4F7556}") = "GainsTracker.Testing.CoreAPI", "GainsTracker.Testing.CoreAPI\GainsTracker.Testing.CoreAPI.csproj", "{5196C9DD-7FFE-4729-8A63-7BC7046A907C}"
EndProject
Project("{9A19103F-16F7-4668-BE54-9A1E7A4F7556}") = "GainsTracker.Testing.UI", "GainsTracker.Testing.UI\GainsTracker.Testing.UI.csproj", "{75BFFEC2-C80D-43D0-8FD4-FAEDA0FF4F9F}"
EndProject
Project("{9A19103F-16F7-4668-BE54-9A1E7A4F7556}") = "GainsTracker.ClientWeb", "GainsTracker.ClientWeb\GainsTracker.ClientWeb.csproj", "{B1508A96-07FE-44C3-B4F8-68AC203AEBB3}"
EndProject
Project("{2150E333-8FDC-42A3-9474-1A3956D46DE8}") = "src", "src", "{58C9D6C1-BFB6-40C2-B43A-B4A7E0321DE7}"
EndProject
Project("{2150E333-8FDC-42A3-9474-1A3956D46DE8}") = "tests", "tests", "{CAFFB1CA-03B8-4CEA-9D82-E5DBCBA444D6}"
EndProject
Global
	GlobalSection(SolutionConfigurationPlatforms) = preSolution
		Debug|Any CPU = Debug|Any CPU
		Release|Any CPU = Release|Any CPU
	EndGlobalSection
	GlobalSection(ProjectConfigurationPlatforms) = postSolution
		{9210CFA0-2BDD-46DE-8FD4-3767BF660473}.Debug|Any CPU.ActiveCfg = Debug|Any CPU
		{9210CFA0-2BDD-46DE-8FD4-3767BF660473}.Debug|Any CPU.Build.0 = Debug|Any CPU
		{9210CFA0-2BDD-46DE-8FD4-3767BF660473}.Release|Any CPU.ActiveCfg = Release|Any CPU
		{9210CFA0-2BDD-46DE-8FD4-3767BF660473}.Release|Any CPU.Build.0 = Release|Any CPU
		{4354990B-2912-4953-B842-B126AD299B1E}.Debug|Any CPU.ActiveCfg = Debug|Any CPU
		{4354990B-2912-4953-B842-B126AD299B1E}.Debug|Any CPU.Build.0 = Debug|Any CPU
		{4354990B-2912-4953-B842-B126AD299B1E}.Release|Any CPU.ActiveCfg = Release|Any CPU
		{4354990B-2912-4953-B842-B126AD299B1E}.Release|Any CPU.Build.0 = Release|Any CPU
		{4ACB81DD-CFCF-4D81-88E0-B860BE5F8B5B}.Debug|Any CPU.ActiveCfg = Debug|Any CPU
		{4ACB81DD-CFCF-4D81-88E0-B860BE5F8B5B}.Debug|Any CPU.Build.0 = Debug|Any CPU
		{4ACB81DD-CFCF-4D81-88E0-B860BE5F8B5B}.Release|Any CPU.ActiveCfg = Release|Any CPU
		{4ACB81DD-CFCF-4D81-88E0-B860BE5F8B5B}.Release|Any CPU.Build.0 = Release|Any CPU
		{412D30DA-7B16-4D3C-8ED0-DFF544305178}.Debug|Any CPU.ActiveCfg = Debug|Any CPU
		{412D30DA-7B16-4D3C-8ED0-DFF544305178}.Debug|Any CPU.Build.0 = Debug|Any CPU
		{412D30DA-7B16-4D3C-8ED0-DFF544305178}.Release|Any CPU.ActiveCfg = Release|Any CPU
		{412D30DA-7B16-4D3C-8ED0-DFF544305178}.Release|Any CPU.Build.0 = Release|Any CPU
		{5196C9DD-7FFE-4729-8A63-7BC7046A907C}.Debug|Any CPU.ActiveCfg = Debug|Any CPU
		{5196C9DD-7FFE-4729-8A63-7BC7046A907C}.Debug|Any CPU.Build.0 = Debug|Any CPU
		{5196C9DD-7FFE-4729-8A63-7BC7046A907C}.Release|Any CPU.ActiveCfg = Release|Any CPU
		{5196C9DD-7FFE-4729-8A63-7BC7046A907C}.Release|Any CPU.Build.0 = Release|Any CPU
		{75BFFEC2-C80D-43D0-8FD4-FAEDA0FF4F9F}.Debug|Any CPU.ActiveCfg = Debug|Any CPU
		{75BFFEC2-C80D-43D0-8FD4-FAEDA0FF4F9F}.Debug|Any CPU.Build.0 = Debug|Any CPU
		{75BFFEC2-C80D-43D0-8FD4-FAEDA0FF4F9F}.Release|Any CPU.ActiveCfg = Release|Any CPU
		{75BFFEC2-C80D-43D0-8FD4-FAEDA0FF4F9F}.Release|Any CPU.Build.0 = Release|Any CPU
		{B1508A96-07FE-44C3-B4F8-68AC203AEBB3}.Debug|Any CPU.ActiveCfg = Debug|Any CPU
		{B1508A96-07FE-44C3-B4F8-68AC203AEBB3}.Debug|Any CPU.Build.0 = Debug|Any CPU
		{B1508A96-07FE-44C3-B4F8-68AC203AEBB3}.Release|Any CPU.ActiveCfg = Release|Any CPU
		{B1508A96-07FE-44C3-B4F8-68AC203AEBB3}.Release|Any CPU.Build.0 = Release|Any CPU
	EndGlobalSection
	GlobalSection(SolutionProperties) = preSolution
		HideSolutionNode = FALSE
	EndGlobalSection
	GlobalSection(ExtensibilityGlobals) = postSolution
		SolutionGuid = {A3ED42A1-9AF6-4B41-B6C6-765DF2424467}
	EndGlobalSection
	GlobalSection(NestedProjects) = preSolution
		{4ACB81DD-CFCF-4D81-88E0-B860BE5F8B5B} = {58C9D6C1-BFB6-40C2-B43A-B4A7E0321DE7}
		{B1508A96-07FE-44C3-B4F8-68AC203AEBB3} = {58C9D6C1-BFB6-40C2-B43A-B4A7E0321DE7}
		{412D30DA-7B16-4D3C-8ED0-DFF544305178} = {58C9D6C1-BFB6-40C2-B43A-B4A7E0321DE7}
		{9210CFA0-2BDD-46DE-8FD4-3767BF660473} = {58C9D6C1-BFB6-40C2-B43A-B4A7E0321DE7}
		{4354990B-2912-4953-B842-B126AD299B1E} = {58C9D6C1-BFB6-40C2-B43A-B4A7E0321DE7}
		{5196C9DD-7FFE-4729-8A63-7BC7046A907C} = {CAFFB1CA-03B8-4CEA-9D82-E5DBCBA444D6}
		{75BFFEC2-C80D-43D0-8FD4-FAEDA0FF4F9F} = {CAFFB1CA-03B8-4CEA-9D82-E5DBCBA444D6}
	EndGlobalSection
EndGlobal
