
Microsoft Visual Studio Solution File, Format Version 12.00
# Visual Studio Version 17
VisualStudioVersion = 17.5.33530.505
MinimumVisualStudioVersion = 10.0.40219.1
Project("{9A19103F-16F7-4668-BE54-9A1E7A4F7556}") = "GainsTracker.UI", "GainsTracker.UI\GainsTracker.UI.csproj", "{4354990B-2912-4953-B842-B126AD299B1E}"
EndProject
Project("{9A19103F-16F7-4668-BE54-9A1E7A4F7556}") = "GainsTracker.ClientNative", "GainsTracker.ClientNative\GainsTracker.ClientNative.csproj", "{4ACB81DD-CFCF-4D81-88E0-B860BE5F8B5B}"
EndProject
Project("{9A19103F-16F7-4668-BE54-9A1E7A4F7556}") = "GainsTracker.Common", "GainsTracker.Common\GainsTracker.Common.csproj", "{412D30DA-7B16-4D3C-8ED0-DFF544305178}"
EndProject
Project("{2150E333-8FDC-42A3-9474-1A3956D46DE8}") = "src", "src", "{58C9D6C1-BFB6-40C2-B43A-B4A7E0321DE7}"
EndProject
Project("{FAE04EC0-301F-11D3-BF4B-00C04F79EFBC}") = "GainsTracker.ClientWebAssembly", "GainsTracker.ClientWebAssembly\GainsTracker.ClientWebAssembly.csproj", "{322D7D2F-F1CF-4D15-AE71-214C1B9F117E}"
EndProject
Project("{FAE04EC0-301F-11D3-BF4B-00C04F79EFBC}") = "GainsTracker.WebAPI", "GainsTracker.WebAPI\GainsTracker.WebAPI.csproj", "{0CC970F3-52D5-4552-8958-0E59982B9E15}"
EndProject
Project("{FAE04EC0-301F-11D3-BF4B-00C04F79EFBC}") = "GainsTracker.Core", "GainsTracker.Core\GainsTracker.Core.csproj", "{B84B1119-80D8-46AA-883A-C471B4840051}"
EndProject
Project("{FAE04EC0-301F-11D3-BF4B-00C04F79EFBC}") = "GainsTracker.Data", "GainsTracker.Data\GainsTracker.Data.csproj", "{450CBA4E-3F25-41DE-9420-61D6FEDE73B2}"
EndProject
Project("{FAE04EC0-301F-11D3-BF4B-00C04F79EFBC}") = "GainsTracker.Infrastructure", "GainsTracker.Infrastructure\GainsTracker.Infrastructure.csproj", "{2A200125-D27E-4DDF-9242-927EEC7BA5CC}"
EndProject
Project("{FAE04EC0-301F-11D3-BF4B-00C04F79EFBC}") = "GainsTracker.UI.Elements", "GainsTracker.UI.Elements\GainsTracker.UI.Elements.csproj", "{93774957-C5BD-459F-AC4D-E7D5CACA987C}"
EndProject
Project("{FAE04EC0-301F-11D3-BF4B-00C04F79EFBC}") = "GainsTracker.UI.TransitionableRoute", "GainsTracker.UI.TransitionableRoute\GainsTracker.UI.TransitionableRoute.csproj", "{2FD10A04-DF5D-48FC-BEA6-9E344A561417}"
EndProject
Global
	GlobalSection(SolutionConfigurationPlatforms) = preSolution
		Debug|Any CPU = Debug|Any CPU
		Release|Any CPU = Release|Any CPU
	EndGlobalSection
	GlobalSection(ProjectConfigurationPlatforms) = postSolution
		{4354990B-2912-4953-B842-B126AD299B1E}.Debug|Any CPU.ActiveCfg = Debug|Any CPU
		{4354990B-2912-4953-B842-B126AD299B1E}.Debug|Any CPU.Build.0 = Debug|Any CPU
		{4354990B-2912-4953-B842-B126AD299B1E}.Release|Any CPU.ActiveCfg = Release|Any CPU
		{4354990B-2912-4953-B842-B126AD299B1E}.Release|Any CPU.Build.0 = Release|Any CPU
		{4ACB81DD-CFCF-4D81-88E0-B860BE5F8B5B}.Debug|Any CPU.ActiveCfg = Debug|Any CPU
		{4ACB81DD-CFCF-4D81-88E0-B860BE5F8B5B}.Debug|Any CPU.Build.0 = Debug|Any CPU
		{4ACB81DD-CFCF-4D81-88E0-B860BE5F8B5B}.Release|Any CPU.ActiveCfg = Release|Any CPU
		{4ACB81DD-CFCF-4D81-88E0-B860BE5F8B5B}.Release|Any CPU.Build.0 = Release|Any CPU
		{412D30DA-7B16-4D3C-8ED0-DFF544305178}.Debug|Any CPU.ActiveCfg = Debug|Any CPU
		{412D30DA-7B16-4D3C-8ED0-DFF544305178}.Debug|Any CPU.Build.0 = Debug|Any CPU
		{412D30DA-7B16-4D3C-8ED0-DFF544305178}.Release|Any CPU.ActiveCfg = Release|Any CPU
		{412D30DA-7B16-4D3C-8ED0-DFF544305178}.Release|Any CPU.Build.0 = Release|Any CPU
		{322D7D2F-F1CF-4D15-AE71-214C1B9F117E}.Debug|Any CPU.ActiveCfg = Debug|Any CPU
		{322D7D2F-F1CF-4D15-AE71-214C1B9F117E}.Debug|Any CPU.Build.0 = Debug|Any CPU
		{322D7D2F-F1CF-4D15-AE71-214C1B9F117E}.Release|Any CPU.ActiveCfg = Release|Any CPU
		{322D7D2F-F1CF-4D15-AE71-214C1B9F117E}.Release|Any CPU.Build.0 = Release|Any CPU
		{0CC970F3-52D5-4552-8958-0E59982B9E15}.Debug|Any CPU.ActiveCfg = Debug|Any CPU
		{0CC970F3-52D5-4552-8958-0E59982B9E15}.Debug|Any CPU.Build.0 = Debug|Any CPU
		{0CC970F3-52D5-4552-8958-0E59982B9E15}.Release|Any CPU.ActiveCfg = Release|Any CPU
		{0CC970F3-52D5-4552-8958-0E59982B9E15}.Release|Any CPU.Build.0 = Release|Any CPU
		{B84B1119-80D8-46AA-883A-C471B4840051}.Debug|Any CPU.ActiveCfg = Debug|Any CPU
		{B84B1119-80D8-46AA-883A-C471B4840051}.Debug|Any CPU.Build.0 = Debug|Any CPU
		{B84B1119-80D8-46AA-883A-C471B4840051}.Release|Any CPU.ActiveCfg = Release|Any CPU
		{B84B1119-80D8-46AA-883A-C471B4840051}.Release|Any CPU.Build.0 = Release|Any CPU
		{450CBA4E-3F25-41DE-9420-61D6FEDE73B2}.Debug|Any CPU.ActiveCfg = Debug|Any CPU
		{450CBA4E-3F25-41DE-9420-61D6FEDE73B2}.Debug|Any CPU.Build.0 = Debug|Any CPU
		{450CBA4E-3F25-41DE-9420-61D6FEDE73B2}.Release|Any CPU.ActiveCfg = Release|Any CPU
		{450CBA4E-3F25-41DE-9420-61D6FEDE73B2}.Release|Any CPU.Build.0 = Release|Any CPU
		{2A200125-D27E-4DDF-9242-927EEC7BA5CC}.Debug|Any CPU.ActiveCfg = Debug|Any CPU
		{2A200125-D27E-4DDF-9242-927EEC7BA5CC}.Debug|Any CPU.Build.0 = Debug|Any CPU
		{2A200125-D27E-4DDF-9242-927EEC7BA5CC}.Release|Any CPU.ActiveCfg = Release|Any CPU
		{2A200125-D27E-4DDF-9242-927EEC7BA5CC}.Release|Any CPU.Build.0 = Release|Any CPU
		{93774957-C5BD-459F-AC4D-E7D5CACA987C}.Debug|Any CPU.ActiveCfg = Debug|Any CPU
		{93774957-C5BD-459F-AC4D-E7D5CACA987C}.Debug|Any CPU.Build.0 = Debug|Any CPU
		{93774957-C5BD-459F-AC4D-E7D5CACA987C}.Release|Any CPU.ActiveCfg = Release|Any CPU
		{93774957-C5BD-459F-AC4D-E7D5CACA987C}.Release|Any CPU.Build.0 = Release|Any CPU
		{2FD10A04-DF5D-48FC-BEA6-9E344A561417}.Debug|Any CPU.ActiveCfg = Debug|Any CPU
		{2FD10A04-DF5D-48FC-BEA6-9E344A561417}.Debug|Any CPU.Build.0 = Debug|Any CPU
		{2FD10A04-DF5D-48FC-BEA6-9E344A561417}.Release|Any CPU.ActiveCfg = Release|Any CPU
		{2FD10A04-DF5D-48FC-BEA6-9E344A561417}.Release|Any CPU.Build.0 = Release|Any CPU
	EndGlobalSection
	GlobalSection(SolutionProperties) = preSolution
		HideSolutionNode = FALSE
	EndGlobalSection
	GlobalSection(ExtensibilityGlobals) = postSolution
		SolutionGuid = {A3ED42A1-9AF6-4B41-B6C6-765DF2424467}
	EndGlobalSection
	GlobalSection(NestedProjects) = preSolution
		{4ACB81DD-CFCF-4D81-88E0-B860BE5F8B5B} = {58C9D6C1-BFB6-40C2-B43A-B4A7E0321DE7}
		{412D30DA-7B16-4D3C-8ED0-DFF544305178} = {58C9D6C1-BFB6-40C2-B43A-B4A7E0321DE7}
		{4354990B-2912-4953-B842-B126AD299B1E} = {58C9D6C1-BFB6-40C2-B43A-B4A7E0321DE7}
		{322D7D2F-F1CF-4D15-AE71-214C1B9F117E} = {58C9D6C1-BFB6-40C2-B43A-B4A7E0321DE7}
		{0CC970F3-52D5-4552-8958-0E59982B9E15} = {58C9D6C1-BFB6-40C2-B43A-B4A7E0321DE7}
		{B84B1119-80D8-46AA-883A-C471B4840051} = {58C9D6C1-BFB6-40C2-B43A-B4A7E0321DE7}
		{450CBA4E-3F25-41DE-9420-61D6FEDE73B2} = {58C9D6C1-BFB6-40C2-B43A-B4A7E0321DE7}
		{2A200125-D27E-4DDF-9242-927EEC7BA5CC} = {58C9D6C1-BFB6-40C2-B43A-B4A7E0321DE7}
		{93774957-C5BD-459F-AC4D-E7D5CACA987C} = {58C9D6C1-BFB6-40C2-B43A-B4A7E0321DE7}
		{2FD10A04-DF5D-48FC-BEA6-9E344A561417} = {58C9D6C1-BFB6-40C2-B43A-B4A7E0321DE7}
	EndGlobalSection
EndGlobal
